// !$*UTF8*$!
{
	archiveVersion = 1;
	classes = {
	};
	objectVersion = 56;
	objects = {

/* Begin PBXBuildFile section */
		6FC4F56E2A6577BF0026C60B /* AppDelegate.swift in Sources */ = {isa = PBXBuildFile; fileRef = 6FC4F56D2A6577BF0026C60B /* AppDelegate.swift */; };
		6FC4F5702A6577BF0026C60B /* SceneDelegate.swift in Sources */ = {isa = PBXBuildFile; fileRef = 6FC4F56F2A6577BF0026C60B /* SceneDelegate.swift */; };
		6FC4F5722A6577BF0026C60B /* ViewController.swift in Sources */ = {isa = PBXBuildFile; fileRef = 6FC4F5712A6577BF0026C60B /* ViewController.swift */; };
		6FC4F5752A6577BF0026C60B /* Main.storyboard in Resources */ = {isa = PBXBuildFile; fileRef = 6FC4F5732A6577BF0026C60B /* Main.storyboard */; };
		6FC4F5772A6577C00026C60B /* Assets.xcassets in Resources */ = {isa = PBXBuildFile; fileRef = 6FC4F5762A6577C00026C60B /* Assets.xcassets */; };
		6FC4F57A2A6577C00026C60B /* LaunchScreen.storyboard in Resources */ = {isa = PBXBuildFile; fileRef = 6FC4F5782A6577C00026C60B /* LaunchScreen.storyboard */; };
		6FC4F5822A65AAA40026C60B /* SettingsViewController.swift in Sources */ = {isa = PBXBuildFile; fileRef = 6FC4F5812A65AAA40026C60B /* SettingsViewController.swift */; };
		6FC4F5842A682F210026C60B /* PencilKitViewController.swift in Sources */ = {isa = PBXBuildFile; fileRef = 6FC4F5832A682F210026C60B /* PencilKitViewController.swift */; };
/* End PBXBuildFile section */

/* Begin PBXFileReference section */
		6FC4F56A2A6577BF0026C60B /* drawings.app */ = {isa = PBXFileReference; explicitFileType = wrapper.application; includeInIndex = 0; path = drawings.app; sourceTree = BUILT_PRODUCTS_DIR; };
		6FC4F56D2A6577BF0026C60B /* AppDelegate.swift */ = {isa = PBXFileReference; lastKnownFileType = sourcecode.swift; path = AppDelegate.swift; sourceTree = "<group>"; };
		6FC4F56F2A6577BF0026C60B /* SceneDelegate.swift */ = {isa = PBXFileReference; lastKnownFileType = sourcecode.swift; path = SceneDelegate.swift; sourceTree = "<group>"; };
		6FC4F5712A6577BF0026C60B /* ViewController.swift */ = {isa = PBXFileReference; lastKnownFileType = sourcecode.swift; path = ViewController.swift; sourceTree = "<group>"; };
		6FC4F5742A6577BF0026C60B /* Base */ = {isa = PBXFileReference; lastKnownFileType = file.storyboard; name = Base; path = Base.lproj/Main.storyboard; sourceTree = "<group>"; };
		6FC4F5762A6577C00026C60B /* Assets.xcassets */ = {isa = PBXFileReference; lastKnownFileType = folder.assetcatalog; path = Assets.xcassets; sourceTree = "<group>"; };
		6FC4F5792A6577C00026C60B /* Base */ = {isa = PBXFileReference; lastKnownFileType = file.storyboard; name = Base; path = Base.lproj/LaunchScreen.storyboard; sourceTree = "<group>"; };
		6FC4F57B2A6577C00026C60B /* Info.plist */ = {isa = PBXFileReference; lastKnownFileType = text.plist.xml; path = Info.plist; sourceTree = "<group>"; };
		6FC4F5812A65AAA40026C60B /* SettingsViewController.swift */ = {isa = PBXFileReference; lastKnownFileType = sourcecode.swift; path = SettingsViewController.swift; sourceTree = "<group>"; };
		6FC4F5832A682F210026C60B /* PencilKitViewController.swift */ = {isa = PBXFileReference; lastKnownFileType = sourcecode.swift; path = PencilKitViewController.swift; sourceTree = "<group>"; };
/* End PBXFileReference section */

/* Begin PBXFrameworksBuildPhase section */
		6FC4F5672A6577BF0026C60B /* Frameworks */ = {
			isa = PBXFrameworksBuildPhase;
			buildActionMask = 2147483647;
			files = (
			);
			runOnlyForDeploymentPostprocessing = 0;
		};
/* End PBXFrameworksBuildPhase section */

/* Begin PBXGroup section */
		6FC4F5612A6577BF0026C60B = {
			isa = PBXGroup;
			children = (
				6FC4F56C2A6577BF0026C60B /* drawings */,
				6FC4F56B2A6577BF0026C60B /* Products */,
			);
			sourceTree = "<group>";
		};
		6FC4F56B2A6577BF0026C60B /* Products */ = {
			isa = PBXGroup;
			children = (
				6FC4F56A2A6577BF0026C60B /* drawings.app */,
			);
			name = Products;
			sourceTree = "<group>";
		};
		6FC4F56C2A6577BF0026C60B /* drawings */ = {
			isa = PBXGroup;
			children = (
				6FC4F56D2A6577BF0026C60B /* AppDelegate.swift */,
				6FC4F56F2A6577BF0026C60B /* SceneDelegate.swift */,
				6FC4F5712A6577BF0026C60B /* ViewController.swift */,
				6FC4F5812A65AAA40026C60B /* SettingsViewController.swift */,
				6FC4F5832A682F210026C60B /* PencilKitViewController.swift */,
				6FC4F5732A6577BF0026C60B /* Main.storyboard */,
				6FC4F5762A6577C00026C60B /* Assets.xcassets */,
				6FC4F5782A6577C00026C60B /* LaunchScreen.storyboard */,
				6FC4F57B2A6577C00026C60B /* Info.plist */,
			);
			path = drawings;
			sourceTree = "<group>";
		};
/* End PBXGroup section */

/* Begin PBXNativeTarget section */
		6FC4F5692A6577BF0026C60B /* drawings */ = {
			isa = PBXNativeTarget;
			buildConfigurationList = 6FC4F57E2A6577C00026C60B /* Build configuration list for PBXNativeTarget "drawings" */;
			buildPhases = (
				6FC4F5662A6577BF0026C60B /* Sources */,
				6FC4F5672A6577BF0026C60B /* Frameworks */,
				6FC4F5682A6577BF0026C60B /* Resources */,
			);
			buildRules = (
			);
			dependencies = (
			);
			name = drawings;
			productName = drawings;
			productReference = 6FC4F56A2A6577BF0026C60B /* drawings.app */;
			productType = "com.apple.product-type.application";
		};
/* End PBXNativeTarget section */

/* Begin PBXProject section */
		6FC4F5622A6577BF0026C60B /* Project object */ = {
			isa = PBXProject;
			attributes = {
				BuildIndependentTargetsInParallel = 1;
				LastSwiftUpdateCheck = 1430;
				LastUpgradeCheck = 1430;
				TargetAttributes = {
					6FC4F5692A6577BF0026C60B = {
						CreatedOnToolsVersion = 14.3.1;
					};
				};
			};
			buildConfigurationList = 6FC4F5652A6577BF0026C60B /* Build configuration list for PBXProject "drawings" */;
			compatibilityVersion = "Xcode 14.0";
			developmentRegion = en;
			hasScannedForEncodings = 0;
			knownRegions = (
				en,
				Base,
			);
			mainGroup = 6FC4F5612A6577BF0026C60B;
			productRefGroup = 6FC4F56B2A6577BF0026C60B /* Products */;
			projectDirPath = "";
			projectRoot = "";
			targets = (
				6FC4F5692A6577BF0026C60B /* drawings */,
			);
		};
/* End PBXProject section */

/* Begin PBXResourcesBuildPhase section */
		6FC4F5682A6577BF0026C60B /* Resources */ = {
			isa = PBXResourcesBuildPhase;
			buildActionMask = 2147483647;
			files = (
				6FC4F57A2A6577C00026C60B /* LaunchScreen.storyboard in Resources */,
				6FC4F5772A6577C00026C60B /* Assets.xcassets in Resources */,
				6FC4F5752A6577BF0026C60B /* Main.storyboard in Resources */,
			);
			runOnlyForDeploymentPostprocessing = 0;
		};
/* End PBXResourcesBuildPhase section */

/* Begin PBXSourcesBuildPhase section */
		6FC4F5662A6577BF0026C60B /* Sources */ = {
			isa = PBXSourcesBuildPhase;
			buildActionMask = 2147483647;
			files = (
				6FC4F5842A682F210026C60B /* PencilKitViewController.swift in Sources */,
				6FC4F5722A6577BF0026C60B /* ViewController.swift in Sources */,
				6FC4F56E2A6577BF0026C60B /* AppDelegate.swift in Sources */,
				6FC4F5702A6577BF0026C60B /* SceneDelegate.swift in Sources */,
				6FC4F5822A65AAA40026C60B /* SettingsViewController.swift in Sources */,
			);
			runOnlyForDeploymentPostprocessing = 0;
		};
/* End PBXSourcesBuildPhase section */

/* Begin PBXVariantGroup section */
		6FC4F5732A6577BF0026C60B /* Main.storyboard */ = {
			isa = PBXVariantGroup;
			children = (
				6FC4F5742A6577BF0026C60B /* Base */,
			);
			name = Main.storyboard;
			sourceTree = "<group>";
		};
		6FC4F5782A6577C00026C60B /* LaunchScreen.storyboard */ = {
			isa = PBXVariantGroup;
			children = (
				6FC4F5792A6577C00026C60B /* Base */,
			);
			name = LaunchScreen.storyboard;
			sourceTree = "<group>";
		};
/* End PBXVariantGroup section */

/* Begin XCBuildConfiguration section */
		6FC4F57C2A6577C00026C60B /* Debug */ = {
			isa = XCBuildConfiguration;
			buildSettings = {
				ALWAYS_SEARCH_USER_PATHS = NO;
				CLANG_ANALYZER_NONNULL = YES;
				CLANG_ANALYZER_NUMBER_OBJECT_CONVERSION = YES_AGGRESSIVE;
				CLANG_CXX_LANGUAGE_STANDARD = "gnu++20";
				CLANG_ENABLE_MODULES = YES;
				CLANG_ENABLE_OBJC_ARC = YES;
				CLANG_ENABLE_OBJC_WEAK = YES;
				CLANG_WARN_BLOCK_CAPTURE_AUTORELEASING = YES;
				CLANG_WARN_BOOL_CONVERSION = YES;
				CLANG_WARN_COMMA = YES;
				CLANG_WARN_CONSTANT_CONVERSION = YES;
				CLANG_WARN_DEPRECATED_OBJC_IMPLEMENTATIONS = YES;
				CLANG_WARN_DIRECT_OBJC_ISA_USAGE = YES_ERROR;
				CLANG_WARN_DOCUMENTATION_COMMENTS = YES;
				CLANG_WARN_EMPTY_BODY = YES;
				CLANG_WARN_ENUM_CONVERSION = YES;
				CLANG_WARN_INFINITE_RECURSION = YES;
				CLANG_WARN_INT_CONVERSION = YES;
				CLANG_WARN_NON_LITERAL_NULL_CONVERSION = YES;
				CLANG_WARN_OBJC_IMPLICIT_RETAIN_SELF = YES;
				CLANG_WARN_OBJC_LITERAL_CONVERSION = YES;
				CLANG_WARN_OBJC_ROOT_CLASS = YES_ERROR;
				CLANG_WARN_QUOTED_INCLUDE_IN_FRAMEWORK_HEADER = YES;
				CLANG_WARN_RANGE_LOOP_ANALYSIS = YES;
				CLANG_WARN_STRICT_PROTOTYPES = YES;
				CLANG_WARN_SUSPICIOUS_MOVE = YES;
				CLANG_WARN_UNGUARDED_AVAILABILITY = YES_AGGRESSIVE;
				CLANG_WARN_UNREACHABLE_CODE = YES;
				CLANG_WARN__DUPLICATE_METHOD_MATCH = YES;
				COPY_PHASE_STRIP = NO;
				DEBUG_INFORMATION_FORMAT = dwarf;
				ENABLE_STRICT_OBJC_MSGSEND = YES;
				ENABLE_TESTABILITY = YES;
				GCC_C_LANGUAGE_STANDARD = gnu11;
				GCC_DYNAMIC_NO_PIC = NO;
				GCC_NO_COMMON_BLOCKS = YES;
				GCC_OPTIMIZATION_LEVEL = 0;
				GCC_PREPROCESSOR_DEFINITIONS = (
					"DEBUG=1",
					"$(inherited)",
				);
				GCC_WARN_64_TO_32_BIT_CONVERSION = YES;
				GCC_WARN_ABOUT_RETURN_TYPE = YES_ERROR;
				GCC_WARN_UNDECLARED_SELECTOR = YES;
				GCC_WARN_UNINITIALIZED_AUTOS = YES_AGGRESSIVE;
				GCC_WARN_UNUSED_FUNCTION = YES;
				GCC_WARN_UNUSED_VARIABLE = YES;
				IPHONEOS_DEPLOYMENT_TARGET = 16.4;
				MTL_ENABLE_DEBUG_INFO = INCLUDE_SOURCE;
				MTL_FAST_MATH = YES;
				ONLY_ACTIVE_ARCH = YES;
				SDKROOT = iphoneos;
				SWIFT_ACTIVE_COMPILATION_CONDITIONS = DEBUG;
				SWIFT_OPTIMIZATION_LEVEL = "-Onone";
			};
			name = Debug;
		};
		6FC4F57D2A6577C00026C60B /* Release */ = {
			isa = XCBuildConfiguration;
			buildSettings = {
				ALWAYS_SEARCH_USER_PATHS = NO;
				CLANG_ANALYZER_NONNULL = YES;
				CLANG_ANALYZER_NUMBER_OBJECT_CONVERSION = YES_AGGRESSIVE;
				CLANG_CXX_LANGUAGE_STANDARD = "gnu++20";
				CLANG_ENABLE_MODULES = YES;
				CLANG_ENABLE_OBJC_ARC = YES;
				CLANG_ENABLE_OBJC_WEAK = YES;
				CLANG_WARN_BLOCK_CAPTURE_AUTORELEASING = YES;
				CLANG_WARN_BOOL_CONVERSION = YES;
				CLANG_WARN_COMMA = YES;
				CLANG_WARN_CONSTANT_CONVERSION = YES;
				CLANG_WARN_DEPRECATED_OBJC_IMPLEMENTATIONS = YES;
				CLANG_WARN_DIRECT_OBJC_ISA_USAGE = YES_ERROR;
				CLANG_WARN_DOCUMENTATION_COMMENTS = YES;
				CLANG_WARN_EMPTY_BODY = YES;
				CLANG_WARN_ENUM_CONVERSION = YES;
				CLANG_WARN_INFINITE_RECURSION = YES;
				CLANG_WARN_INT_CONVERSION = YES;
				CLANG_WARN_NON_LITERAL_NULL_CONVERSION = YES;
				CLANG_WARN_OBJC_IMPLICIT_RETAIN_SELF = YES;
				CLANG_WARN_OBJC_LITERAL_CONVERSION = YES;
				CLANG_WARN_OBJC_ROOT_CLASS = YES_ERROR;
				CLANG_WARN_QUOTED_INCLUDE_IN_FRAMEWORK_HEADER = YES;
				CLANG_WARN_RANGE_LOOP_ANALYSIS = YES;
				CLANG_WARN_STRICT_PROTOTYPES = YES;
				CLANG_WARN_SUSPICIOUS_MOVE = YES;
				CLANG_WARN_UNGUARDED_AVAILABILITY = YES_AGGRESSIVE;
				CLANG_WARN_UNREACHABLE_CODE = YES;
				CLANG_WARN__DUPLICATE_METHOD_MATCH = YES;
				COPY_PHASE_STRIP = NO;
				DEBUG_INFORMATION_FORMAT = "dwarf-with-dsym";
				ENABLE_NS_ASSERTIONS = NO;
				ENABLE_STRICT_OBJC_MSGSEND = YES;
				GCC_C_LANGUAGE_STANDARD = gnu11;
				GCC_NO_COMMON_BLOCKS = YES;
				GCC_WARN_64_TO_32_BIT_CONVERSION = YES;
				GCC_WARN_ABOUT_RETURN_TYPE = YES_ERROR;
				GCC_WARN_UNDECLARED_SELECTOR = YES;
				GCC_WARN_UNINITIALIZED_AUTOS = YES_AGGRESSIVE;
				GCC_WARN_UNUSED_FUNCTION = YES;
				GCC_WARN_UNUSED_VARIABLE = YES;
				IPHONEOS_DEPLOYMENT_TARGET = 16.4;
				MTL_ENABLE_DEBUG_INFO = NO;
				MTL_FAST_MATH = YES;
				SDKROOT = iphoneos;
				SWIFT_COMPILATION_MODE = wholemodule;
				SWIFT_OPTIMIZATION_LEVEL = "-O";
				VALIDATE_PRODUCT = YES;
			};
			name = Release;
		};
		6FC4F57F2A6577C00026C60B /* Debug */ = {
			isa = XCBuildConfiguration;
			buildSettings = {
				ASSETCATALOG_COMPILER_APPICON_NAME = AppIcon;
				ASSETCATALOG_COMPILER_GLOBAL_ACCENT_COLOR_NAME = AccentColor;
				CODE_SIGN_STYLE = Automatic;
				CURRENT_PROJECT_VERSION = 1;
				DEVELOPMENT_TEAM = BH26MDT64T;
				GENERATE_INFOPLIST_FILE = YES;
				INFOPLIST_FILE = drawings/Info.plist;
				INFOPLIST_KEY_CFBundleDisplayName = Drawings;
				INFOPLIST_KEY_LSApplicationCategoryType = "public.app-category.graphics-design";
				INFOPLIST_KEY_UIApplicationSupportsIndirectInputEvents = YES;
				INFOPLIST_KEY_UILaunchStoryboardName = LaunchScreen;
				INFOPLIST_KEY_UIMainStoryboardFile = Main;
				INFOPLIST_KEY_UIRequiresFullScreen = YES;
				INFOPLIST_KEY_UIStatusBarStyle = UIStatusBarStyleLightContent;
				INFOPLIST_KEY_UISupportedInterfaceOrientations = UIInterfaceOrientationPortrait;
				IPHONEOS_DEPLOYMENT_TARGET = 16.4;
				LD_RUNPATH_SEARCH_PATHS = (
					"$(inherited)",
					"@executable_path/Frameworks",
				);
				MARKETING_VERSION = 1.0;
				PRODUCT_BUNDLE_IDENTIFIER = hayyimsTeam.drawings;
				PRODUCT_NAME = "$(TARGET_NAME)";
				SWIFT_EMIT_LOC_STRINGS = YES;
				SWIFT_VERSION = 5.0;
				TARGETED_DEVICE_FAMILY = "1,2";
			};
			name = Debug;
		};
		6FC4F5802A6577C00026C60B /* Release */ = {
			isa = XCBuildConfiguration;
			buildSettings = {
				ASSETCATALOG_COMPILER_APPICON_NAME = AppIcon;
				ASSETCATALOG_COMPILER_GLOBAL_ACCENT_COLOR_NAME = AccentColor;
				CODE_SIGN_STYLE = Automatic;
				CURRENT_PROJECT_VERSION = 1;
				DEVELOPMENT_TEAM = BH26MDT64T;
				GENERATE_INFOPLIST_FILE = YES;
				INFOPLIST_FILE = drawings/Info.plist;
				INFOPLIST_KEY_CFBundleDisplayName = Drawings;
				INFOPLIST_KEY_LSApplicationCategoryType = "public.app-category.graphics-design";
				INFOPLIST_KEY_UIApplicationSupportsIndirectInputEvents = YES;
				INFOPLIST_KEY_UILaunchStoryboardName = LaunchScreen;
				INFOPLIST_KEY_UIMainStoryboardFile = Main;
				INFOPLIST_KEY_UIRequiresFullScreen = YES;
				INFOPLIST_KEY_UIStatusBarStyle = UIStatusBarStyleLightContent;
				INFOPLIST_KEY_UISupportedInterfaceOrientations = UIInterfaceOrientationPortrait;
				IPHONEOS_DEPLOYMENT_TARGET = 16.4;
				LD_RUNPATH_SEARCH_PATHS = (
					"$(inherited)",
					"@executable_path/Frameworks",
				);
				MARKETING_VERSION = 1.0;
				PRODUCT_BUNDLE_IDENTIFIER = hayyimsTeam.drawings;
				PRODUCT_NAME = "$(TARGET_NAME)";
				SWIFT_EMIT_LOC_STRINGS = YES;
				SWIFT_VERSION = 5.0;
				TARGETED_DEVICE_FAMILY = "1,2";
			};
			name = Release;
		};
/* End XCBuildConfiguration section */

/* Begin XCConfigurationList section */
		6FC4F5652A6577BF0026C60B /* Build configuration list for PBXProject "drawings" */ = {
			isa = XCConfigurationList;
			buildConfigurations = (
				6FC4F57C2A6577C00026C60B /* Debug */,
				6FC4F57D2A6577C00026C60B /* Release */,
			);
			defaultConfigurationIsVisible = 0;
			defaultConfigurationName = Release;
		};
		6FC4F57E2A6577C00026C60B /* Build configuration list for PBXNativeTarget "drawings" */ = {
			isa = XCConfigurationList;
			buildConfigurations = (
				6FC4F57F2A6577C00026C60B /* Debug */,
				6FC4F5802A6577C00026C60B /* Release */,
			);
			defaultConfigurationIsVisible = 0;
			defaultConfigurationName = Release;
		};
/* End XCConfigurationList section */
	};
	rootObject = 6FC4F5622A6577BF0026C60B /* Project object */;
}
